
Microsoft Visual Studio Solution File, Format Version 12.00
# Visual Studio Version 16
VisualStudioVersion = 16.0.31729.503
MinimumVisualStudioVersion = 10.0.40219.1
Project("{9A19103F-16F7-4668-BE54-9A1E7A4F7556}") = "AssesmentWebApi", "AssesmentWebApi.csproj", "{C04D941E-3270-4357-B368-0C056D51A48D}"
EndProject
Global
	GlobalSection(SolutionConfigurationPlatforms) = preSolution
		Debug|Any CPU = Debug|Any CPU
		Release|Any CPU = Release|Any CPU
	EndGlobalSection
	GlobalSection(ProjectConfigurationPlatforms) = postSolution
		{C04D941E-3270-4357-B368-0C056D51A48D}.Debug|Any CPU.ActiveCfg = Debug|Any CPU
		{C04D941E-3270-4357-B368-0C056D51A48D}.Debug|Any CPU.Build.0 = Debug|Any CPU
		{C04D941E-3270-4357-B368-0C056D51A48D}.Release|Any CPU.ActiveCfg = Release|Any CPU
		{C04D941E-3270-4357-B368-0C056D51A48D}.Release|Any CPU.Build.0 = Release|Any CPU
	EndGlobalSection
	GlobalSection(SolutionProperties) = preSolution
		HideSolutionNode = FALSE
	EndGlobalSection
	GlobalSection(ExtensibilityGlobals) = postSolution
		SolutionGuid = {32EDFED5-DFF0-4019-B0D1-06ECE24B647E}
	EndGlobalSection
EndGlobal
